
Microsoft Visual Studio Solution File, Format Version 12.00
# Visual Studio Version 17
VisualStudioVersion = 17.12.35527.113
MinimumVisualStudioVersion = 10.0.40219.1
Project("{2150E333-8FDC-42A3-9474-1A3956D46DE8}") = "src", "src", "{B8F4B997-4C6D-4BFB-B3EF-D3649F4E561B}"
EndProject
Project("{2150E333-8FDC-42A3-9474-1A3956D46DE8}") = "tests", "tests", "{01911A0E-618C-420F-B03C-38B6E2B8F55A}"
EndProject
Project("{FAE04EC0-301F-11D3-BF4B-00C04F79EFBC}") = "AuthService.Tests", "tests\AuthService.Tests\AuthService.Tests.csproj", "{8B8A94F3-195A-4388-B8A2-7D4F57815594}"
EndProject
Project("{FAE04EC0-301F-11D3-BF4B-00C04F79EFBC}") = "EventService.Tests", "tests\EventService.Tests\EventService.Tests.csproj", "{7D2B34E9-E0DE-4775-B635-47BE21C29FF0}"
EndProject
Project("{FAE04EC0-301F-11D3-BF4B-00C04F79EFBC}") = "UserService.Tests", "tests\UserService.Tests\UserService.Tests.csproj", "{B873FB78-A814-4377-B3D5-2029CE942EFC}"
EndProject
Project("{FAE04EC0-301F-11D3-BF4B-00C04F79EFBC}") = "TicketService.Tests", "tests\TicketService.Tests\TicketService.Tests.csproj", "{312AF998-A3BD-4EED-B7D5-BF428CA8D882}"
EndProject
Project("{FAE04EC0-301F-11D3-BF4B-00C04F79EFBC}") = "NotificationService.Tests", "tests\NotificationService.Tests\NotificationService.Tests.csproj", "{01A0776B-134B-4270-9BDF-5F72FE95485B}"
EndProject
Project("{FAE04EC0-301F-11D3-BF4B-00C04F79EFBC}") = "ApiGateway", "src\ApiGateway\ApiGateway.csproj", "{1C4AC78C-A386-45BF-80CD-D5C541F438A5}"
EndProject
Project("{FAE04EC0-301F-11D3-BF4B-00C04F79EFBC}") = "TicketService", "src\TicketService\TicketService.csproj", "{97BDBBCD-AAFA-44F5-AA7F-EB6482D56FE4}"
EndProject
Project("{FAE04EC0-301F-11D3-BF4B-00C04F79EFBC}") = "EventService", "src\EventService\EventService.csproj", "{4ACC30C7-D46A-4814-9C61-C3BE98098F0C}"
EndProject
Project("{FAE04EC0-301F-11D3-BF4B-00C04F79EFBC}") = "AuthService", "src\AuthService\AuthService.csproj", "{8622F87B-F8D9-44E7-8860-65089DDEFA4B}"
EndProject
Project("{FAE04EC0-301F-11D3-BF4B-00C04F79EFBC}") = "NotificationService", "src\NotificationService\NotificationService.csproj", "{610AE8BF-7F37-4143-869D-3013230BDC06}"
EndProject
Project("{FAE04EC0-301F-11D3-BF4B-00C04F79EFBC}") = "UserService", "src\UserService\UserService.csproj", "{7EED2272-963E-4478-986F-C9005D750803}"
EndProject
Global
	GlobalSection(SolutionConfigurationPlatforms) = preSolution
		Debug|Any CPU = Debug|Any CPU
		Release|Any CPU = Release|Any CPU
	EndGlobalSection
	GlobalSection(ProjectConfigurationPlatforms) = postSolution
		{8B8A94F3-195A-4388-B8A2-7D4F57815594}.Debug|Any CPU.ActiveCfg = Debug|Any CPU
		{8B8A94F3-195A-4388-B8A2-7D4F57815594}.Debug|Any CPU.Build.0 = Debug|Any CPU
		{8B8A94F3-195A-4388-B8A2-7D4F57815594}.Release|Any CPU.ActiveCfg = Release|Any CPU
		{8B8A94F3-195A-4388-B8A2-7D4F57815594}.Release|Any CPU.Build.0 = Release|Any CPU
		{7D2B34E9-E0DE-4775-B635-47BE21C29FF0}.Debug|Any CPU.ActiveCfg = Debug|Any CPU
		{7D2B34E9-E0DE-4775-B635-47BE21C29FF0}.Debug|Any CPU.Build.0 = Debug|Any CPU
		{7D2B34E9-E0DE-4775-B635-47BE21C29FF0}.Release|Any CPU.ActiveCfg = Release|Any CPU
		{7D2B34E9-E0DE-4775-B635-47BE21C29FF0}.Release|Any CPU.Build.0 = Release|Any CPU
		{B873FB78-A814-4377-B3D5-2029CE942EFC}.Debug|Any CPU.ActiveCfg = Debug|Any CPU
		{B873FB78-A814-4377-B3D5-2029CE942EFC}.Debug|Any CPU.Build.0 = Debug|Any CPU
		{B873FB78-A814-4377-B3D5-2029CE942EFC}.Release|Any CPU.ActiveCfg = Release|Any CPU
		{B873FB78-A814-4377-B3D5-2029CE942EFC}.Release|Any CPU.Build.0 = Release|Any CPU
		{312AF998-A3BD-4EED-B7D5-BF428CA8D882}.Debug|Any CPU.ActiveCfg = Debug|Any CPU
		{312AF998-A3BD-4EED-B7D5-BF428CA8D882}.Debug|Any CPU.Build.0 = Debug|Any CPU
		{312AF998-A3BD-4EED-B7D5-BF428CA8D882}.Release|Any CPU.ActiveCfg = Release|Any CPU
		{312AF998-A3BD-4EED-B7D5-BF428CA8D882}.Release|Any CPU.Build.0 = Release|Any CPU
		{01A0776B-134B-4270-9BDF-5F72FE95485B}.Debug|Any CPU.ActiveCfg = Debug|Any CPU
		{01A0776B-134B-4270-9BDF-5F72FE95485B}.Debug|Any CPU.Build.0 = Debug|Any CPU
		{01A0776B-134B-4270-9BDF-5F72FE95485B}.Release|Any CPU.ActiveCfg = Release|Any CPU
		{01A0776B-134B-4270-9BDF-5F72FE95485B}.Release|Any CPU.Build.0 = Release|Any CPU
		{1C4AC78C-A386-45BF-80CD-D5C541F438A5}.Debug|Any CPU.ActiveCfg = Debug|Any CPU
		{1C4AC78C-A386-45BF-80CD-D5C541F438A5}.Debug|Any CPU.Build.0 = Debug|Any CPU
		{1C4AC78C-A386-45BF-80CD-D5C541F438A5}.Release|Any CPU.ActiveCfg = Release|Any CPU
		{1C4AC78C-A386-45BF-80CD-D5C541F438A5}.Release|Any CPU.Build.0 = Release|Any CPU
		{97BDBBCD-AAFA-44F5-AA7F-EB6482D56FE4}.Debug|Any CPU.ActiveCfg = Debug|Any CPU
		{97BDBBCD-AAFA-44F5-AA7F-EB6482D56FE4}.Debug|Any CPU.Build.0 = Debug|Any CPU
		{97BDBBCD-AAFA-44F5-AA7F-EB6482D56FE4}.Release|Any CPU.ActiveCfg = Release|Any CPU
		{97BDBBCD-AAFA-44F5-AA7F-EB6482D56FE4}.Release|Any CPU.Build.0 = Release|Any CPU
		{4ACC30C7-D46A-4814-9C61-C3BE98098F0C}.Debug|Any CPU.ActiveCfg = Debug|Any CPU
		{4ACC30C7-D46A-4814-9C61-C3BE98098F0C}.Debug|Any CPU.Build.0 = Debug|Any CPU
		{4ACC30C7-D46A-4814-9C61-C3BE98098F0C}.Release|Any CPU.ActiveCfg = Release|Any CPU
		{4ACC30C7-D46A-4814-9C61-C3BE98098F0C}.Release|Any CPU.Build.0 = Release|Any CPU
		{8622F87B-F8D9-44E7-8860-65089DDEFA4B}.Debug|Any CPU.ActiveCfg = Debug|Any CPU
		{8622F87B-F8D9-44E7-8860-65089DDEFA4B}.Debug|Any CPU.Build.0 = Debug|Any CPU
		{8622F87B-F8D9-44E7-8860-65089DDEFA4B}.Release|Any CPU.ActiveCfg = Release|Any CPU
		{8622F87B-F8D9-44E7-8860-65089DDEFA4B}.Release|Any CPU.Build.0 = Release|Any CPU
		{610AE8BF-7F37-4143-869D-3013230BDC06}.Debug|Any CPU.ActiveCfg = Debug|Any CPU
		{610AE8BF-7F37-4143-869D-3013230BDC06}.Debug|Any CPU.Build.0 = Debug|Any CPU
		{610AE8BF-7F37-4143-869D-3013230BDC06}.Release|Any CPU.ActiveCfg = Release|Any CPU
		{610AE8BF-7F37-4143-869D-3013230BDC06}.Release|Any CPU.Build.0 = Release|Any CPU
		{7EED2272-963E-4478-986F-C9005D750803}.Debug|Any CPU.ActiveCfg = Debug|Any CPU
		{7EED2272-963E-4478-986F-C9005D750803}.Debug|Any CPU.Build.0 = Debug|Any CPU
		{7EED2272-963E-4478-986F-C9005D750803}.Release|Any CPU.ActiveCfg = Release|Any CPU
		{7EED2272-963E-4478-986F-C9005D750803}.Release|Any CPU.Build.0 = Release|Any CPU
	EndGlobalSection
	GlobalSection(SolutionProperties) = preSolution
		HideSolutionNode = FALSE
	EndGlobalSection
	GlobalSection(NestedProjects) = preSolution
		{8B8A94F3-195A-4388-B8A2-7D4F57815594} = {01911A0E-618C-420F-B03C-38B6E2B8F55A}
		{7D2B34E9-E0DE-4775-B635-47BE21C29FF0} = {01911A0E-618C-420F-B03C-38B6E2B8F55A}
		{B873FB78-A814-4377-B3D5-2029CE942EFC} = {01911A0E-618C-420F-B03C-38B6E2B8F55A}
		{312AF998-A3BD-4EED-B7D5-BF428CA8D882} = {01911A0E-618C-420F-B03C-38B6E2B8F55A}
		{01A0776B-134B-4270-9BDF-5F72FE95485B} = {01911A0E-618C-420F-B03C-38B6E2B8F55A}
		{1C4AC78C-A386-45BF-80CD-D5C541F438A5} = {B8F4B997-4C6D-4BFB-B3EF-D3649F4E561B}
		{97BDBBCD-AAFA-44F5-AA7F-EB6482D56FE4} = {B8F4B997-4C6D-4BFB-B3EF-D3649F4E561B}
		{4ACC30C7-D46A-4814-9C61-C3BE98098F0C} = {B8F4B997-4C6D-4BFB-B3EF-D3649F4E561B}
		{8622F87B-F8D9-44E7-8860-65089DDEFA4B} = {B8F4B997-4C6D-4BFB-B3EF-D3649F4E561B}
		{610AE8BF-7F37-4143-869D-3013230BDC06} = {B8F4B997-4C6D-4BFB-B3EF-D3649F4E561B}
		{7EED2272-963E-4478-986F-C9005D750803} = {B8F4B997-4C6D-4BFB-B3EF-D3649F4E561B}
	EndGlobalSection
EndGlobal
